
Microsoft Visual Studio Solution File, Format Version 12.00
# Visual Studio Version 17
VisualStudioVersion = 17.9.34902.65
MinimumVisualStudioVersion = 10.0.40219.1
Project("{FAE04EC0-301F-11D3-BF4B-00C04F79EFBC}") = "Employe Management System", "Employe Management System\Employe Management System.csproj", "{2524CF62-E1F5-4F96-95C1-C06057CE014A}"
EndProject
Global
	GlobalSection(SolutionConfigurationPlatforms) = preSolution
		Debug|Any CPU = Debug|Any CPU
		Release|Any CPU = Release|Any CPU
	EndGlobalSection
	GlobalSection(ProjectConfigurationPlatforms) = postSolution
		{2524CF62-E1F5-4F96-95C1-C06057CE014A}.Debug|Any CPU.ActiveCfg = Debug|Any CPU
		{2524CF62-E1F5-4F96-95C1-C06057CE014A}.Debug|Any CPU.Build.0 = Debug|Any CPU
		{2524CF62-E1F5-4F96-95C1-C06057CE014A}.Release|Any CPU.ActiveCfg = Release|Any CPU
		{2524CF62-E1F5-4F96-95C1-C06057CE014A}.Release|Any CPU.Build.0 = Release|Any CPU
	EndGlobalSection
	GlobalSection(SolutionProperties) = preSolution
		HideSolutionNode = FALSE
	EndGlobalSection
	GlobalSection(ExtensibilityGlobals) = postSolution
		SolutionGuid = {4B72347E-4FA1-4E57-9069-1803407C18FE}
	EndGlobalSection
EndGlobal
